
Microsoft Visual Studio Solution File, Format Version 12.00
# Visual Studio Version 17
VisualStudioVersion = 17.0.31903.59
MinimumVisualStudioVersion = 10.0.40219.1
Project("{2150E333-8FDC-42A3-9474-1A3956D46DE8}") = "src", "src", "{827E0CD3-B72D-47B6-A68D-7590B98EB39B}"
EndProject
Project("{FAE04EC0-301F-11D3-BF4B-00C04F79EFBC}") = "DbArchiveTool.Web", "src\DbArchiveTool.Web\DbArchiveTool.Web.csproj", "{4C094684-9F5C-40DF-ADEB-6F8BAA496A2E}"
EndProject
Project("{FAE04EC0-301F-11D3-BF4B-00C04F79EFBC}") = "DbArchiveTool.Api", "src\DbArchiveTool.Api\DbArchiveTool.Api.csproj", "{2CC14DBD-9ACF-4245-BE1C-1C4DD54FF94B}"
EndProject
Project("{FAE04EC0-301F-11D3-BF4B-00C04F79EFBC}") = "DbArchiveTool.Application", "src\DbArchiveTool.Application\DbArchiveTool.Application.csproj", "{D16F5CE1-3C28-4BC3-A7BA-99961ADD588D}"
EndProject
Project("{FAE04EC0-301F-11D3-BF4B-00C04F79EFBC}") = "DbArchiveTool.Domain", "src\DbArchiveTool.Domain\DbArchiveTool.Domain.csproj", "{4234C9D8-5164-4FC8-9132-8C2EAD1E56C5}"
EndProject
Project("{FAE04EC0-301F-11D3-BF4B-00C04F79EFBC}") = "DbArchiveTool.Infrastructure", "src\DbArchiveTool.Infrastructure\DbArchiveTool.Infrastructure.csproj", "{8A1DBCAA-2DFD-45DD-B0A3-56F218DBFEBA}"
EndProject
Project("{FAE04EC0-301F-11D3-BF4B-00C04F79EFBC}") = "DbArchiveTool.Shared", "src\DbArchiveTool.Shared\DbArchiveTool.Shared.csproj", "{48025B67-E054-4972-937E-9B6762DAFB39}"
EndProject
Project("{2150E333-8FDC-42A3-9474-1A3956D46DE8}") = "tests", "tests", "{0AB3BF05-4346-4AA6-1389-037BE0695223}"
EndProject
Project("{FAE04EC0-301F-11D3-BF4B-00C04F79EFBC}") = "DbArchiveTool.UnitTests", "tests\DbArchiveTool.UnitTests\DbArchiveTool.UnitTests.csproj", "{0246DB6D-4B94-442F-B550-06E8DFC90EC5}"
EndProject
Project("{FAE04EC0-301F-11D3-BF4B-00C04F79EFBC}") = "DbArchiveTool.IntegrationTests", "tests\DbArchiveTool.IntegrationTests\DbArchiveTool.IntegrationTests.csproj", "{F614CD16-66D4-4FE1-920D-69DB7B43A5B1}"
EndProject
Project("{FAE04EC0-301F-11D3-BF4B-00C04F79EFBC}") = "DbArchiveTool.E2ETests", "tests\DbArchiveTool.E2ETests\DbArchiveTool.E2ETests.csproj", "{DD10A010-4BFE-46B4-A6BD-7950C68E7476}"
EndProject
Global
	GlobalSection(SolutionConfigurationPlatforms) = preSolution
		Debug|Any CPU = Debug|Any CPU
		Debug|x64 = Debug|x64
		Debug|x86 = Debug|x86
		Release|Any CPU = Release|Any CPU
		Release|x64 = Release|x64
		Release|x86 = Release|x86
	EndGlobalSection
	GlobalSection(ProjectConfigurationPlatforms) = postSolution
		{4C094684-9F5C-40DF-ADEB-6F8BAA496A2E}.Debug|Any CPU.ActiveCfg = Debug|Any CPU
		{4C094684-9F5C-40DF-ADEB-6F8BAA496A2E}.Debug|Any CPU.Build.0 = Debug|Any CPU
		{4C094684-9F5C-40DF-ADEB-6F8BAA496A2E}.Debug|x64.ActiveCfg = Debug|Any CPU
		{4C094684-9F5C-40DF-ADEB-6F8BAA496A2E}.Debug|x64.Build.0 = Debug|Any CPU
		{4C094684-9F5C-40DF-ADEB-6F8BAA496A2E}.Debug|x86.ActiveCfg = Debug|Any CPU
		{4C094684-9F5C-40DF-ADEB-6F8BAA496A2E}.Debug|x86.Build.0 = Debug|Any CPU
		{4C094684-9F5C-40DF-ADEB-6F8BAA496A2E}.Release|Any CPU.ActiveCfg = Release|Any CPU
		{4C094684-9F5C-40DF-ADEB-6F8BAA496A2E}.Release|Any CPU.Build.0 = Release|Any CPU
		{4C094684-9F5C-40DF-ADEB-6F8BAA496A2E}.Release|x64.ActiveCfg = Release|Any CPU
		{4C094684-9F5C-40DF-ADEB-6F8BAA496A2E}.Release|x64.Build.0 = Release|Any CPU
		{4C094684-9F5C-40DF-ADEB-6F8BAA496A2E}.Release|x86.ActiveCfg = Release|Any CPU
		{4C094684-9F5C-40DF-ADEB-6F8BAA496A2E}.Release|x86.Build.0 = Release|Any CPU
		{2CC14DBD-9ACF-4245-BE1C-1C4DD54FF94B}.Debug|Any CPU.ActiveCfg = Debug|Any CPU
		{2CC14DBD-9ACF-4245-BE1C-1C4DD54FF94B}.Debug|Any CPU.Build.0 = Debug|Any CPU
		{2CC14DBD-9ACF-4245-BE1C-1C4DD54FF94B}.Debug|x64.ActiveCfg = Debug|Any CPU
		{2CC14DBD-9ACF-4245-BE1C-1C4DD54FF94B}.Debug|x64.Build.0 = Debug|Any CPU
		{2CC14DBD-9ACF-4245-BE1C-1C4DD54FF94B}.Debug|x86.ActiveCfg = Debug|Any CPU
		{2CC14DBD-9ACF-4245-BE1C-1C4DD54FF94B}.Debug|x86.Build.0 = Debug|Any CPU
		{2CC14DBD-9ACF-4245-BE1C-1C4DD54FF94B}.Release|Any CPU.ActiveCfg = Release|Any CPU
		{2CC14DBD-9ACF-4245-BE1C-1C4DD54FF94B}.Release|Any CPU.Build.0 = Release|Any CPU
		{2CC14DBD-9ACF-4245-BE1C-1C4DD54FF94B}.Release|x64.ActiveCfg = Release|Any CPU
		{2CC14DBD-9ACF-4245-BE1C-1C4DD54FF94B}.Release|x64.Build.0 = Release|Any CPU
		{2CC14DBD-9ACF-4245-BE1C-1C4DD54FF94B}.Release|x86.ActiveCfg = Release|Any CPU
		{2CC14DBD-9ACF-4245-BE1C-1C4DD54FF94B}.Release|x86.Build.0 = Release|Any CPU
		{D16F5CE1-3C28-4BC3-A7BA-99961ADD588D}.Debug|Any CPU.ActiveCfg = Debug|Any CPU
		{D16F5CE1-3C28-4BC3-A7BA-99961ADD588D}.Debug|Any CPU.Build.0 = Debug|Any CPU
		{D16F5CE1-3C28-4BC3-A7BA-99961ADD588D}.Debug|x64.ActiveCfg = Debug|Any CPU
		{D16F5CE1-3C28-4BC3-A7BA-99961ADD588D}.Debug|x64.Build.0 = Debug|Any CPU
		{D16F5CE1-3C28-4BC3-A7BA-99961ADD588D}.Debug|x86.ActiveCfg = Debug|Any CPU
		{D16F5CE1-3C28-4BC3-A7BA-99961ADD588D}.Debug|x86.Build.0 = Debug|Any CPU
		{D16F5CE1-3C28-4BC3-A7BA-99961ADD588D}.Release|Any CPU.ActiveCfg = Release|Any CPU
		{D16F5CE1-3C28-4BC3-A7BA-99961ADD588D}.Release|Any CPU.Build.0 = Release|Any CPU
		{D16F5CE1-3C28-4BC3-A7BA-99961ADD588D}.Release|x64.ActiveCfg = Release|Any CPU
		{D16F5CE1-3C28-4BC3-A7BA-99961ADD588D}.Release|x64.Build.0 = Release|Any CPU
		{D16F5CE1-3C28-4BC3-A7BA-99961ADD588D}.Release|x86.ActiveCfg = Release|Any CPU
		{D16F5CE1-3C28-4BC3-A7BA-99961ADD588D}.Release|x86.Build.0 = Release|Any CPU
		{4234C9D8-5164-4FC8-9132-8C2EAD1E56C5}.Debug|Any CPU.ActiveCfg = Debug|Any CPU
		{4234C9D8-5164-4FC8-9132-8C2EAD1E56C5}.Debug|Any CPU.Build.0 = Debug|Any CPU
		{4234C9D8-5164-4FC8-9132-8C2EAD1E56C5}.Debug|x64.ActiveCfg = Debug|Any CPU
		{4234C9D8-5164-4FC8-9132-8C2EAD1E56C5}.Debug|x64.Build.0 = Debug|Any CPU
		{4234C9D8-5164-4FC8-9132-8C2EAD1E56C5}.Debug|x86.ActiveCfg = Debug|Any CPU
		{4234C9D8-5164-4FC8-9132-8C2EAD1E56C5}.Debug|x86.Build.0 = Debug|Any CPU
		{4234C9D8-5164-4FC8-9132-8C2EAD1E56C5}.Release|Any CPU.ActiveCfg = Release|Any CPU
		{4234C9D8-5164-4FC8-9132-8C2EAD1E56C5}.Release|Any CPU.Build.0 = Release|Any CPU
		{4234C9D8-5164-4FC8-9132-8C2EAD1E56C5}.Release|x64.ActiveCfg = Release|Any CPU
		{4234C9D8-5164-4FC8-9132-8C2EAD1E56C5}.Release|x64.Build.0 = Release|Any CPU
		{4234C9D8-5164-4FC8-9132-8C2EAD1E56C5}.Release|x86.ActiveCfg = Release|Any CPU
		{4234C9D8-5164-4FC8-9132-8C2EAD1E56C5}.Release|x86.Build.0 = Release|Any CPU
		{8A1DBCAA-2DFD-45DD-B0A3-56F218DBFEBA}.Debug|Any CPU.ActiveCfg = Debug|Any CPU
		{8A1DBCAA-2DFD-45DD-B0A3-56F218DBFEBA}.Debug|Any CPU.Build.0 = Debug|Any CPU
		{8A1DBCAA-2DFD-45DD-B0A3-56F218DBFEBA}.Debug|x64.ActiveCfg = Debug|Any CPU
		{8A1DBCAA-2DFD-45DD-B0A3-56F218DBFEBA}.Debug|x64.Build.0 = Debug|Any CPU
		{8A1DBCAA-2DFD-45DD-B0A3-56F218DBFEBA}.Debug|x86.ActiveCfg = Debug|Any CPU
		{8A1DBCAA-2DFD-45DD-B0A3-56F218DBFEBA}.Debug|x86.Build.0 = Debug|Any CPU
		{8A1DBCAA-2DFD-45DD-B0A3-56F218DBFEBA}.Release|Any CPU.ActiveCfg = Release|Any CPU
		{8A1DBCAA-2DFD-45DD-B0A3-56F218DBFEBA}.Release|Any CPU.Build.0 = Release|Any CPU
		{8A1DBCAA-2DFD-45DD-B0A3-56F218DBFEBA}.Release|x64.ActiveCfg = Release|Any CPU
		{8A1DBCAA-2DFD-45DD-B0A3-56F218DBFEBA}.Release|x64.Build.0 = Release|Any CPU
		{8A1DBCAA-2DFD-45DD-B0A3-56F218DBFEBA}.Release|x86.ActiveCfg = Release|Any CPU
		{8A1DBCAA-2DFD-45DD-B0A3-56F218DBFEBA}.Release|x86.Build.0 = Release|Any CPU
		{48025B67-E054-4972-937E-9B6762DAFB39}.Debug|Any CPU.ActiveCfg = Debug|Any CPU
		{48025B67-E054-4972-937E-9B6762DAFB39}.Debug|Any CPU.Build.0 = Debug|Any CPU
		{48025B67-E054-4972-937E-9B6762DAFB39}.Debug|x64.ActiveCfg = Debug|Any CPU
		{48025B67-E054-4972-937E-9B6762DAFB39}.Debug|x64.Build.0 = Debug|Any CPU
		{48025B67-E054-4972-937E-9B6762DAFB39}.Debug|x86.ActiveCfg = Debug|Any CPU
		{48025B67-E054-4972-937E-9B6762DAFB39}.Debug|x86.Build.0 = Debug|Any CPU
		{48025B67-E054-4972-937E-9B6762DAFB39}.Release|Any CPU.ActiveCfg = Release|Any CPU
		{48025B67-E054-4972-937E-9B6762DAFB39}.Release|Any CPU.Build.0 = Release|Any CPU
		{48025B67-E054-4972-937E-9B6762DAFB39}.Release|x64.ActiveCfg = Release|Any CPU
		{48025B67-E054-4972-937E-9B6762DAFB39}.Release|x64.Build.0 = Release|Any CPU
		{48025B67-E054-4972-937E-9B6762DAFB39}.Release|x86.ActiveCfg = Release|Any CPU
		{48025B67-E054-4972-937E-9B6762DAFB39}.Release|x86.Build.0 = Release|Any CPU
		{0246DB6D-4B94-442F-B550-06E8DFC90EC5}.Debug|Any CPU.ActiveCfg = Debug|Any CPU
		{0246DB6D-4B94-442F-B550-06E8DFC90EC5}.Debug|Any CPU.Build.0 = Debug|Any CPU
		{0246DB6D-4B94-442F-B550-06E8DFC90EC5}.Debug|x64.ActiveCfg = Debug|Any CPU
		{0246DB6D-4B94-442F-B550-06E8DFC90EC5}.Debug|x64.Build.0 = Debug|Any CPU
		{0246DB6D-4B94-442F-B550-06E8DFC90EC5}.Debug|x86.ActiveCfg = Debug|Any CPU
		{0246DB6D-4B94-442F-B550-06E8DFC90EC5}.Debug|x86.Build.0 = Debug|Any CPU
		{0246DB6D-4B94-442F-B550-06E8DFC90EC5}.Release|Any CPU.ActiveCfg = Release|Any CPU
		{0246DB6D-4B94-442F-B550-06E8DFC90EC5}.Release|Any CPU.Build.0 = Release|Any CPU
		{0246DB6D-4B94-442F-B550-06E8DFC90EC5}.Release|x64.ActiveCfg = Release|Any CPU
		{0246DB6D-4B94-442F-B550-06E8DFC90EC5}.Release|x64.Build.0 = Release|Any CPU
		{0246DB6D-4B94-442F-B550-06E8DFC90EC5}.Release|x86.ActiveCfg = Release|Any CPU
		{0246DB6D-4B94-442F-B550-06E8DFC90EC5}.Release|x86.Build.0 = Release|Any CPU
		{F614CD16-66D4-4FE1-920D-69DB7B43A5B1}.Debug|Any CPU.ActiveCfg = Debug|Any CPU
		{F614CD16-66D4-4FE1-920D-69DB7B43A5B1}.Debug|Any CPU.Build.0 = Debug|Any CPU
		{F614CD16-66D4-4FE1-920D-69DB7B43A5B1}.Debug|x64.ActiveCfg = Debug|Any CPU
		{F614CD16-66D4-4FE1-920D-69DB7B43A5B1}.Debug|x64.Build.0 = Debug|Any CPU
		{F614CD16-66D4-4FE1-920D-69DB7B43A5B1}.Debug|x86.ActiveCfg = Debug|Any CPU
		{F614CD16-66D4-4FE1-920D-69DB7B43A5B1}.Debug|x86.Build.0 = Debug|Any CPU
		{F614CD16-66D4-4FE1-920D-69DB7B43A5B1}.Release|Any CPU.ActiveCfg = Release|Any CPU
		{F614CD16-66D4-4FE1-920D-69DB7B43A5B1}.Release|Any CPU.Build.0 = Release|Any CPU
		{F614CD16-66D4-4FE1-920D-69DB7B43A5B1}.Release|x64.ActiveCfg = Release|Any CPU
		{F614CD16-66D4-4FE1-920D-69DB7B43A5B1}.Release|x64.Build.0 = Release|Any CPU
		{F614CD16-66D4-4FE1-920D-69DB7B43A5B1}.Release|x86.ActiveCfg = Release|Any CPU
		{F614CD16-66D4-4FE1-920D-69DB7B43A5B1}.Release|x86.Build.0 = Release|Any CPU
		{DD10A010-4BFE-46B4-A6BD-7950C68E7476}.Debug|Any CPU.ActiveCfg = Debug|Any CPU
		{DD10A010-4BFE-46B4-A6BD-7950C68E7476}.Debug|Any CPU.Build.0 = Debug|Any CPU
		{DD10A010-4BFE-46B4-A6BD-7950C68E7476}.Debug|x64.ActiveCfg = Debug|Any CPU
		{DD10A010-4BFE-46B4-A6BD-7950C68E7476}.Debug|x64.Build.0 = Debug|Any CPU
		{DD10A010-4BFE-46B4-A6BD-7950C68E7476}.Debug|x86.ActiveCfg = Debug|Any CPU
		{DD10A010-4BFE-46B4-A6BD-7950C68E7476}.Debug|x86.Build.0 = Debug|Any CPU
		{DD10A010-4BFE-46B4-A6BD-7950C68E7476}.Release|Any CPU.ActiveCfg = Release|Any CPU
		{DD10A010-4BFE-46B4-A6BD-7950C68E7476}.Release|Any CPU.Build.0 = Release|Any CPU
		{DD10A010-4BFE-46B4-A6BD-7950C68E7476}.Release|x64.ActiveCfg = Release|Any CPU
		{DD10A010-4BFE-46B4-A6BD-7950C68E7476}.Release|x64.Build.0 = Release|Any CPU
		{DD10A010-4BFE-46B4-A6BD-7950C68E7476}.Release|x86.ActiveCfg = Release|Any CPU
		{DD10A010-4BFE-46B4-A6BD-7950C68E7476}.Release|x86.Build.0 = Release|Any CPU
	EndGlobalSection
	GlobalSection(SolutionProperties) = preSolution
		HideSolutionNode = FALSE
	EndGlobalSection
	GlobalSection(NestedProjects) = preSolution
		{4C094684-9F5C-40DF-ADEB-6F8BAA496A2E} = {827E0CD3-B72D-47B6-A68D-7590B98EB39B}
		{2CC14DBD-9ACF-4245-BE1C-1C4DD54FF94B} = {827E0CD3-B72D-47B6-A68D-7590B98EB39B}
		{D16F5CE1-3C28-4BC3-A7BA-99961ADD588D} = {827E0CD3-B72D-47B6-A68D-7590B98EB39B}
		{4234C9D8-5164-4FC8-9132-8C2EAD1E56C5} = {827E0CD3-B72D-47B6-A68D-7590B98EB39B}
		{8A1DBCAA-2DFD-45DD-B0A3-56F218DBFEBA} = {827E0CD3-B72D-47B6-A68D-7590B98EB39B}
		{48025B67-E054-4972-937E-9B6762DAFB39} = {827E0CD3-B72D-47B6-A68D-7590B98EB39B}
		{0246DB6D-4B94-442F-B550-06E8DFC90EC5} = {0AB3BF05-4346-4AA6-1389-037BE0695223}
		{F614CD16-66D4-4FE1-920D-69DB7B43A5B1} = {0AB3BF05-4346-4AA6-1389-037BE0695223}
		{DD10A010-4BFE-46B4-A6BD-7950C68E7476} = {0AB3BF05-4346-4AA6-1389-037BE0695223}
	EndGlobalSection
EndGlobal
